<?xml version="1.0" encoding="utf-8"?>
<Project ToolsVersion="4.0" xmlns="http://schemas.microsoft.com/developer/msbuild/2003">
  <ItemGroup>
    <Filter Include="inc">
      <UniqueIdentifier>{bfbbd41c-627c-4353-beb0-f2f30a06004f}</UniqueIdentifier>
    </Filter>
    <Filter Include="src">
      <UniqueIdentifier>{eddd62d4-6053-4d99-a773-7f4e45a5dacc}</UniqueIdentifier>
    </Filter>
  </ItemGroup>
  <ItemGroup>
    <ClCompile Include="..\tests\collector.cpp">
      <Filter>src</Filter>
    </ClCompile>
    <ClCompile Include="..\tests\benchmarker.cpp">
      <Filter>src</Filter>
    </ClCompile>
    <ClCompile Include="..\tests\patterns.cpp">
      <Filter>src</Filter>
    </ClCompile>
    <ClCompile Include="..\tests\entry.cpp">
      <Filter>src</Filter>
    </ClCompile>
  </ItemGroup>
  <ItemGroup>
    <ClInclude Include="..\tests\benchmarker.h">
      <Filter>inc</Filter>
    </ClInclude>
    <ClInclude Include="..\tests\collector.h">
      <Filter>inc</Filter>
    </ClInclude>
    <ClInclude Include="..\tests\patterns.h">
      <Filter>inc</Filter>
    </ClInclude>
  </ItemGroup>
</Project>