<?xml version="1.0" encoding="utf-8"?>
<Project ToolsVersion="4.0" xmlns="http://schemas.microsoft.com/developer/msbuild/2003">
  <ItemGroup>
    <Filter Include="source">
      <UniqueIdentifier>{eddd62d4-6053-4d99-a773-7f4e45a5dacc}</UniqueIdentifier>
    </Filter>
  </ItemGroup>
  <ItemGroup>
    <ClCompile Include="..\tests\collector.cpp">
      <Filter>source</Filter>
    </ClCompile>
    <ClCompile Include="..\tests\window.cpp">
      <Filter>source</Filter>
    </ClCompile>
    <ClCompile Include="..\tests\banchmarker.cpp">
      <Filter>source</Filter>
    </ClCompile>
    <ClCompile Include="..\tests\patterns.cpp">
      <Filter>source</Filter>
    </ClCompile>
  </ItemGroup>
  <ItemGroup>
    <ClInclude Include="..\tests\collector.h">
      <Filter>source</Filter>
    </ClInclude>
    <ClInclude Include="..\tests\banchmarker.h">
      <Filter>source</Filter>
    </ClInclude>
    <ClInclude Include="..\tests\patterns.h">
      <Filter>source</Filter>
    </ClInclude>
  </ItemGroup>
</Project>