
Microsoft Visual Studio Solution File, Format Version 12.00
# Visual Studio Version 17
VisualStudioVersion = 17.0.32112.339
MinimumVisualStudioVersion = 10.0.40219.1
Project("{2150E333-8FDC-42A3-9474-1A3956D46DE8}") = "allocator", "allocator", "{ABD28709-8062-4D4B-AB43-459FAEC87FB3}"
EndProject
Project("{8BC9CEB8-8B4A-11D0-8D11-00A0C91BC942}") = "allocator", "..\modules\allocator\cfg\allocator.vcxproj", "{98D6AE72-22F4-4498-ACE5-21AD0B4ABF0A}"
EndProject
Project("{2150E333-8FDC-42A3-9474-1A3956D46DE8}") = "container", "container", "{EFA6EA97-5ACC-442C-872B-A056E06240E3}"
EndProject
Project("{2150E333-8FDC-42A3-9474-1A3956D46DE8}") = "common", "common", "{D14916BA-08F4-4F41-9E23-DAC4C1EC739B}"
EndProject
Project("{8BC9CEB8-8B4A-11D0-8D11-00A0C91BC942}") = "common", "..\modules\common\cfg\common.vcxproj", "{1500663A-E20C-4AB8-B3AA-78A2CAE43D86}"
EndProject
Project("{8BC9CEB8-8B4A-11D0-8D11-00A0C91BC942}") = "container", "..\modules\container\cfg\container.vcxproj", "{FFDD1C2C-9699-44B5-825C-E56EB6274546}"
EndProject
Project("{8BC9CEB8-8B4A-11D0-8D11-00A0C91BC942}") = "string", "..\modules\string\cfg\string.vcxproj", "{3DEC959D-9484-4BB6-819C-2A8074EA3600}"
EndProject
Project("{2150E333-8FDC-42A3-9474-1A3956D46DE8}") = "strings", "strings", "{391ADC1A-F473-490C-BCBB-C67DDF8EEBCB}"
EndProject
Project("{2150E333-8FDC-42A3-9474-1A3956D46DE8}") = "math", "math", "{A9E03E49-E66A-4AF7-9663-D179112FAFF7}"
EndProject
Project("{2150E333-8FDC-42A3-9474-1A3956D46DE8}") = "osystem", "osystem", "{41B56804-67D8-49B9-BD81-FF0C73EC5FBB}"
EndProject
Project("{8BC9CEB8-8B4A-11D0-8D11-00A0C91BC942}") = "osystem", "..\modules\osystem\cfg\os.vcxproj", "{7EA2E75D-25EC-482F-B57D-BA08E085E1CF}"
EndProject
Project("{8BC9CEB8-8B4A-11D0-8D11-00A0C91BC942}") = "math", "..\modules\math\cfg\math.vcxproj", "{0CA3A8A9-D599-4C36-845F-65591A7BE69F}"
EndProject
Project("{2150E333-8FDC-42A3-9474-1A3956D46DE8}") = "extern", "extern", "{4AC9A361-3341-49A5-88AB-2AAC8C4F2E83}"
EndProject
Project("{8BC9CEB8-8B4A-11D0-8D11-00A0C91BC942}") = "glew_static", "..\..\glew\build\vc12\glew_static.vcxproj", "{664E6F0D-6784-4760-9565-D54F8EB1EDF4}"
EndProject
Project("{8BC9CEB8-8B4A-11D0-8D11-00A0C91BC942}") = "glfw", "..\..\glfw\config\src\glfw.vcxproj", "{8FB23769-990F-3014-9D36-CD40B93CF151}"
EndProject
Project("{8BC9CEB8-8B4A-11D0-8D11-00A0C91BC942}") = "imgui", "..\..\imgui-vs\amgui\amgui.vcxproj", "{6E225D12-1C66-4A38-BEE5-71C4DBEC0521}"
EndProject
Project("{2150E333-8FDC-42A3-9474-1A3956D46DE8}") = "types", "types", "{D22DA1F0-63D8-4A4A-8DCD-91D4FA6F674B}"
EndProject
Project("{8BC9CEB8-8B4A-11D0-8D11-00A0C91BC942}") = "allocator_test", "..\modules\allocator\cfg\allocator_tests.vcxproj", "{57A857C1-606D-4E65-8C36-982E841C63B0}"
EndProject
Project("{8BC9CEB8-8B4A-11D0-8D11-00A0C91BC942}") = "allocator_benchmarking", "..\modules\allocator\cfg\allocator_banchmarking.vcxproj", "{FEE95CB2-CBDB-4114-8C94-80941A8DB61B}"
EndProject
Project("{8BC9CEB8-8B4A-11D0-8D11-00A0C91BC942}") = "common_test", "..\modules\common\cfg\common_tests.vcxproj", "{49C64BF1-3D0B-49D7-8125-A6C9A70A91AE}"
EndProject
Project("{8BC9CEB8-8B4A-11D0-8D11-00A0C91BC942}") = "container_tests", "..\modules\container\cfg\container_tests.vcxproj", "{F9B4E8CD-780D-4D4E-A7A9-28006348499B}"
EndProject
Project("{8BC9CEB8-8B4A-11D0-8D11-00A0C91BC942}") = "math_test", "..\modules\math\cfg\math_tests.vcxproj", "{E020A26D-C589-4FB2-A1FC-C46B15B36AD6}"
EndProject
Project("{8BC9CEB8-8B4A-11D0-8D11-00A0C91BC942}") = "osystem_test", "..\modules\osystem\cfg\os_tests.vcxproj", "{46D23F9C-5305-45F2-B6A9-EEEA1D136F37}"
EndProject
Project("{8BC9CEB8-8B4A-11D0-8D11-00A0C91BC942}") = "string_test", "..\modules\string\cfg\string_tests.vcxproj", "{D9C69523-CAF0-40A1-BFE4-C3F9A01E2792}"
EndProject
Global
	GlobalSection(SolutionConfigurationPlatforms) = preSolution
		Debug|x64 = Debug|x64
		Debug|x86 = Debug|x86
		MinSizeRel|x64 = MinSizeRel|x64
		MinSizeRel|x86 = MinSizeRel|x86
		Release|x64 = Release|x64
		Release|x86 = Release|x86
		Release-expl|x64 = Release-expl|x64
		Release-expl|x86 = Release-expl|x86
		RelWithDebInfo|x64 = RelWithDebInfo|x64
		RelWithDebInfo|x86 = RelWithDebInfo|x86
	EndGlobalSection
	GlobalSection(ProjectConfigurationPlatforms) = postSolution
		{98D6AE72-22F4-4498-ACE5-21AD0B4ABF0A}.Debug|x64.ActiveCfg = Debug|x64
		{98D6AE72-22F4-4498-ACE5-21AD0B4ABF0A}.Debug|x64.Build.0 = Debug|x64
		{98D6AE72-22F4-4498-ACE5-21AD0B4ABF0A}.Debug|x86.ActiveCfg = Debug|Win32
		{98D6AE72-22F4-4498-ACE5-21AD0B4ABF0A}.Debug|x86.Build.0 = Debug|Win32
		{98D6AE72-22F4-4498-ACE5-21AD0B4ABF0A}.MinSizeRel|x64.ActiveCfg = Release-expl|x64
		{98D6AE72-22F4-4498-ACE5-21AD0B4ABF0A}.MinSizeRel|x64.Build.0 = Release-expl|x64
		{98D6AE72-22F4-4498-ACE5-21AD0B4ABF0A}.MinSizeRel|x86.ActiveCfg = Release-expl|Win32
		{98D6AE72-22F4-4498-ACE5-21AD0B4ABF0A}.MinSizeRel|x86.Build.0 = Release-expl|Win32
		{98D6AE72-22F4-4498-ACE5-21AD0B4ABF0A}.Release|x64.ActiveCfg = Release|x64
		{98D6AE72-22F4-4498-ACE5-21AD0B4ABF0A}.Release|x64.Build.0 = Release|x64
		{98D6AE72-22F4-4498-ACE5-21AD0B4ABF0A}.Release|x86.ActiveCfg = Release|Win32
		{98D6AE72-22F4-4498-ACE5-21AD0B4ABF0A}.Release|x86.Build.0 = Release|Win32
		{98D6AE72-22F4-4498-ACE5-21AD0B4ABF0A}.Release-expl|x64.ActiveCfg = Release-expl|x64
		{98D6AE72-22F4-4498-ACE5-21AD0B4ABF0A}.Release-expl|x64.Build.0 = Release-expl|x64
		{98D6AE72-22F4-4498-ACE5-21AD0B4ABF0A}.Release-expl|x86.ActiveCfg = Release-expl|Win32
		{98D6AE72-22F4-4498-ACE5-21AD0B4ABF0A}.Release-expl|x86.Build.0 = Release-expl|Win32
		{98D6AE72-22F4-4498-ACE5-21AD0B4ABF0A}.RelWithDebInfo|x64.ActiveCfg = Release-expl|x64
		{98D6AE72-22F4-4498-ACE5-21AD0B4ABF0A}.RelWithDebInfo|x64.Build.0 = Release-expl|x64
		{98D6AE72-22F4-4498-ACE5-21AD0B4ABF0A}.RelWithDebInfo|x86.ActiveCfg = Release-expl|Win32
		{98D6AE72-22F4-4498-ACE5-21AD0B4ABF0A}.RelWithDebInfo|x86.Build.0 = Release-expl|Win32
		{1500663A-E20C-4AB8-B3AA-78A2CAE43D86}.Debug|x64.ActiveCfg = Debug|x64
		{1500663A-E20C-4AB8-B3AA-78A2CAE43D86}.Debug|x64.Build.0 = Debug|x64
		{1500663A-E20C-4AB8-B3AA-78A2CAE43D86}.Debug|x86.ActiveCfg = Debug|Win32
		{1500663A-E20C-4AB8-B3AA-78A2CAE43D86}.Debug|x86.Build.0 = Debug|Win32
		{1500663A-E20C-4AB8-B3AA-78A2CAE43D86}.MinSizeRel|x64.ActiveCfg = Release-expl|x64
		{1500663A-E20C-4AB8-B3AA-78A2CAE43D86}.MinSizeRel|x64.Build.0 = Release-expl|x64
		{1500663A-E20C-4AB8-B3AA-78A2CAE43D86}.MinSizeRel|x86.ActiveCfg = Release-expl|Win32
		{1500663A-E20C-4AB8-B3AA-78A2CAE43D86}.MinSizeRel|x86.Build.0 = Release-expl|Win32
		{1500663A-E20C-4AB8-B3AA-78A2CAE43D86}.Release|x64.ActiveCfg = Release|x64
		{1500663A-E20C-4AB8-B3AA-78A2CAE43D86}.Release|x64.Build.0 = Release|x64
		{1500663A-E20C-4AB8-B3AA-78A2CAE43D86}.Release|x86.ActiveCfg = Release|Win32
		{1500663A-E20C-4AB8-B3AA-78A2CAE43D86}.Release|x86.Build.0 = Release|Win32
		{1500663A-E20C-4AB8-B3AA-78A2CAE43D86}.Release-expl|x64.ActiveCfg = Release-expl|x64
		{1500663A-E20C-4AB8-B3AA-78A2CAE43D86}.Release-expl|x64.Build.0 = Release-expl|x64
		{1500663A-E20C-4AB8-B3AA-78A2CAE43D86}.Release-expl|x86.ActiveCfg = Release-expl|Win32
		{1500663A-E20C-4AB8-B3AA-78A2CAE43D86}.Release-expl|x86.Build.0 = Release-expl|Win32
		{1500663A-E20C-4AB8-B3AA-78A2CAE43D86}.RelWithDebInfo|x64.ActiveCfg = Release-expl|x64
		{1500663A-E20C-4AB8-B3AA-78A2CAE43D86}.RelWithDebInfo|x64.Build.0 = Release-expl|x64
		{1500663A-E20C-4AB8-B3AA-78A2CAE43D86}.RelWithDebInfo|x86.ActiveCfg = Release-expl|Win32
		{1500663A-E20C-4AB8-B3AA-78A2CAE43D86}.RelWithDebInfo|x86.Build.0 = Release-expl|Win32
		{FFDD1C2C-9699-44B5-825C-E56EB6274546}.Debug|x64.ActiveCfg = Debug|x64
		{FFDD1C2C-9699-44B5-825C-E56EB6274546}.Debug|x64.Build.0 = Debug|x64
		{FFDD1C2C-9699-44B5-825C-E56EB6274546}.Debug|x86.ActiveCfg = Debug|Win32
		{FFDD1C2C-9699-44B5-825C-E56EB6274546}.Debug|x86.Build.0 = Debug|Win32
		{FFDD1C2C-9699-44B5-825C-E56EB6274546}.MinSizeRel|x64.ActiveCfg = Release-expl|x64
		{FFDD1C2C-9699-44B5-825C-E56EB6274546}.MinSizeRel|x64.Build.0 = Release-expl|x64
		{FFDD1C2C-9699-44B5-825C-E56EB6274546}.MinSizeRel|x86.ActiveCfg = Release-expl|Win32
		{FFDD1C2C-9699-44B5-825C-E56EB6274546}.MinSizeRel|x86.Build.0 = Release-expl|Win32
		{FFDD1C2C-9699-44B5-825C-E56EB6274546}.Release|x64.ActiveCfg = Release|x64
		{FFDD1C2C-9699-44B5-825C-E56EB6274546}.Release|x64.Build.0 = Release|x64
		{FFDD1C2C-9699-44B5-825C-E56EB6274546}.Release|x86.ActiveCfg = Release|Win32
		{FFDD1C2C-9699-44B5-825C-E56EB6274546}.Release|x86.Build.0 = Release|Win32
		{FFDD1C2C-9699-44B5-825C-E56EB6274546}.Release-expl|x64.ActiveCfg = Release-expl|x64
		{FFDD1C2C-9699-44B5-825C-E56EB6274546}.Release-expl|x64.Build.0 = Release-expl|x64
		{FFDD1C2C-9699-44B5-825C-E56EB6274546}.Release-expl|x86.ActiveCfg = Release-expl|Win32
		{FFDD1C2C-9699-44B5-825C-E56EB6274546}.Release-expl|x86.Build.0 = Release-expl|Win32
		{FFDD1C2C-9699-44B5-825C-E56EB6274546}.RelWithDebInfo|x64.ActiveCfg = Release-expl|x64
		{FFDD1C2C-9699-44B5-825C-E56EB6274546}.RelWithDebInfo|x64.Build.0 = Release-expl|x64
		{FFDD1C2C-9699-44B5-825C-E56EB6274546}.RelWithDebInfo|x86.ActiveCfg = Release-expl|Win32
		{FFDD1C2C-9699-44B5-825C-E56EB6274546}.RelWithDebInfo|x86.Build.0 = Release-expl|Win32
		{3DEC959D-9484-4BB6-819C-2A8074EA3600}.Debug|x64.ActiveCfg = Debug|x64
		{3DEC959D-9484-4BB6-819C-2A8074EA3600}.Debug|x64.Build.0 = Debug|x64
		{3DEC959D-9484-4BB6-819C-2A8074EA3600}.Debug|x86.ActiveCfg = Debug|Win32
		{3DEC959D-9484-4BB6-819C-2A8074EA3600}.Debug|x86.Build.0 = Debug|Win32
		{3DEC959D-9484-4BB6-819C-2A8074EA3600}.MinSizeRel|x64.ActiveCfg = Release-expl|x64
		{3DEC959D-9484-4BB6-819C-2A8074EA3600}.MinSizeRel|x64.Build.0 = Release-expl|x64
		{3DEC959D-9484-4BB6-819C-2A8074EA3600}.MinSizeRel|x86.ActiveCfg = Release-expl|Win32
		{3DEC959D-9484-4BB6-819C-2A8074EA3600}.MinSizeRel|x86.Build.0 = Release-expl|Win32
		{3DEC959D-9484-4BB6-819C-2A8074EA3600}.Release|x64.ActiveCfg = Release|x64
		{3DEC959D-9484-4BB6-819C-2A8074EA3600}.Release|x64.Build.0 = Release|x64
		{3DEC959D-9484-4BB6-819C-2A8074EA3600}.Release|x86.ActiveCfg = Release|Win32
		{3DEC959D-9484-4BB6-819C-2A8074EA3600}.Release|x86.Build.0 = Release|Win32
		{3DEC959D-9484-4BB6-819C-2A8074EA3600}.Release-expl|x64.ActiveCfg = Release-expl|x64
		{3DEC959D-9484-4BB6-819C-2A8074EA3600}.Release-expl|x64.Build.0 = Release-expl|x64
		{3DEC959D-9484-4BB6-819C-2A8074EA3600}.Release-expl|x86.ActiveCfg = Release-expl|Win32
		{3DEC959D-9484-4BB6-819C-2A8074EA3600}.Release-expl|x86.Build.0 = Release-expl|Win32
		{3DEC959D-9484-4BB6-819C-2A8074EA3600}.RelWithDebInfo|x64.ActiveCfg = Release-expl|x64
		{3DEC959D-9484-4BB6-819C-2A8074EA3600}.RelWithDebInfo|x64.Build.0 = Release-expl|x64
		{3DEC959D-9484-4BB6-819C-2A8074EA3600}.RelWithDebInfo|x86.ActiveCfg = Release-expl|Win32
		{3DEC959D-9484-4BB6-819C-2A8074EA3600}.RelWithDebInfo|x86.Build.0 = Release-expl|Win32
		{7EA2E75D-25EC-482F-B57D-BA08E085E1CF}.Debug|x64.ActiveCfg = Debug|x64
		{7EA2E75D-25EC-482F-B57D-BA08E085E1CF}.Debug|x64.Build.0 = Debug|x64
		{7EA2E75D-25EC-482F-B57D-BA08E085E1CF}.Debug|x86.ActiveCfg = Debug|Win32
		{7EA2E75D-25EC-482F-B57D-BA08E085E1CF}.Debug|x86.Build.0 = Debug|Win32
		{7EA2E75D-25EC-482F-B57D-BA08E085E1CF}.MinSizeRel|x64.ActiveCfg = Release-expl|x64
		{7EA2E75D-25EC-482F-B57D-BA08E085E1CF}.MinSizeRel|x64.Build.0 = Release-expl|x64
		{7EA2E75D-25EC-482F-B57D-BA08E085E1CF}.MinSizeRel|x86.ActiveCfg = Release-expl|Win32
		{7EA2E75D-25EC-482F-B57D-BA08E085E1CF}.MinSizeRel|x86.Build.0 = Release-expl|Win32
		{7EA2E75D-25EC-482F-B57D-BA08E085E1CF}.Release|x64.ActiveCfg = Release|x64
		{7EA2E75D-25EC-482F-B57D-BA08E085E1CF}.Release|x64.Build.0 = Release|x64
		{7EA2E75D-25EC-482F-B57D-BA08E085E1CF}.Release|x86.ActiveCfg = Release|Win32
		{7EA2E75D-25EC-482F-B57D-BA08E085E1CF}.Release|x86.Build.0 = Release|Win32
		{7EA2E75D-25EC-482F-B57D-BA08E085E1CF}.Release-expl|x64.ActiveCfg = Release-expl|x64
		{7EA2E75D-25EC-482F-B57D-BA08E085E1CF}.Release-expl|x64.Build.0 = Release-expl|x64
		{7EA2E75D-25EC-482F-B57D-BA08E085E1CF}.Release-expl|x86.ActiveCfg = Release-expl|Win32
		{7EA2E75D-25EC-482F-B57D-BA08E085E1CF}.Release-expl|x86.Build.0 = Release-expl|Win32
		{7EA2E75D-25EC-482F-B57D-BA08E085E1CF}.RelWithDebInfo|x64.ActiveCfg = Release-expl|x64
		{7EA2E75D-25EC-482F-B57D-BA08E085E1CF}.RelWithDebInfo|x64.Build.0 = Release-expl|x64
		{7EA2E75D-25EC-482F-B57D-BA08E085E1CF}.RelWithDebInfo|x86.ActiveCfg = Release-expl|Win32
		{7EA2E75D-25EC-482F-B57D-BA08E085E1CF}.RelWithDebInfo|x86.Build.0 = Release-expl|Win32
		{0CA3A8A9-D599-4C36-845F-65591A7BE69F}.Debug|x64.ActiveCfg = Debug|x64
		{0CA3A8A9-D599-4C36-845F-65591A7BE69F}.Debug|x64.Build.0 = Debug|x64
		{0CA3A8A9-D599-4C36-845F-65591A7BE69F}.Debug|x86.ActiveCfg = Debug|Win32
		{0CA3A8A9-D599-4C36-845F-65591A7BE69F}.Debug|x86.Build.0 = Debug|Win32
		{0CA3A8A9-D599-4C36-845F-65591A7BE69F}.MinSizeRel|x64.ActiveCfg = Release-expl|x64
		{0CA3A8A9-D599-4C36-845F-65591A7BE69F}.MinSizeRel|x64.Build.0 = Release-expl|x64
		{0CA3A8A9-D599-4C36-845F-65591A7BE69F}.MinSizeRel|x86.ActiveCfg = Release-expl|Win32
		{0CA3A8A9-D599-4C36-845F-65591A7BE69F}.MinSizeRel|x86.Build.0 = Release-expl|Win32
		{0CA3A8A9-D599-4C36-845F-65591A7BE69F}.Release|x64.ActiveCfg = Release|x64
		{0CA3A8A9-D599-4C36-845F-65591A7BE69F}.Release|x64.Build.0 = Release|x64
		{0CA3A8A9-D599-4C36-845F-65591A7BE69F}.Release|x86.ActiveCfg = Release|Win32
		{0CA3A8A9-D599-4C36-845F-65591A7BE69F}.Release|x86.Build.0 = Release|Win32
		{0CA3A8A9-D599-4C36-845F-65591A7BE69F}.Release-expl|x64.ActiveCfg = Release-expl|x64
		{0CA3A8A9-D599-4C36-845F-65591A7BE69F}.Release-expl|x64.Build.0 = Release-expl|x64
		{0CA3A8A9-D599-4C36-845F-65591A7BE69F}.Release-expl|x86.ActiveCfg = Release-expl|Win32
		{0CA3A8A9-D599-4C36-845F-65591A7BE69F}.Release-expl|x86.Build.0 = Release-expl|Win32
		{0CA3A8A9-D599-4C36-845F-65591A7BE69F}.RelWithDebInfo|x64.ActiveCfg = Release-expl|x64
		{0CA3A8A9-D599-4C36-845F-65591A7BE69F}.RelWithDebInfo|x64.Build.0 = Release-expl|x64
		{0CA3A8A9-D599-4C36-845F-65591A7BE69F}.RelWithDebInfo|x86.ActiveCfg = Release-expl|Win32
		{0CA3A8A9-D599-4C36-845F-65591A7BE69F}.RelWithDebInfo|x86.Build.0 = Release-expl|Win32
		{664E6F0D-6784-4760-9565-D54F8EB1EDF4}.Debug|x64.ActiveCfg = Debug|x64
		{664E6F0D-6784-4760-9565-D54F8EB1EDF4}.Debug|x64.Build.0 = Debug|x64
		{664E6F0D-6784-4760-9565-D54F8EB1EDF4}.Debug|x86.ActiveCfg = Debug|Win32
		{664E6F0D-6784-4760-9565-D54F8EB1EDF4}.Debug|x86.Build.0 = Debug|Win32
		{664E6F0D-6784-4760-9565-D54F8EB1EDF4}.MinSizeRel|x64.ActiveCfg = Debug|x64
		{664E6F0D-6784-4760-9565-D54F8EB1EDF4}.MinSizeRel|x64.Build.0 = Debug|x64
		{664E6F0D-6784-4760-9565-D54F8EB1EDF4}.MinSizeRel|x86.ActiveCfg = Debug|Win32
		{664E6F0D-6784-4760-9565-D54F8EB1EDF4}.MinSizeRel|x86.Build.0 = Debug|Win32
		{664E6F0D-6784-4760-9565-D54F8EB1EDF4}.Release|x64.ActiveCfg = Release|x64
		{664E6F0D-6784-4760-9565-D54F8EB1EDF4}.Release|x64.Build.0 = Release|x64
		{664E6F0D-6784-4760-9565-D54F8EB1EDF4}.Release|x86.ActiveCfg = Release|Win32
		{664E6F0D-6784-4760-9565-D54F8EB1EDF4}.Release|x86.Build.0 = Release|Win32
		{664E6F0D-6784-4760-9565-D54F8EB1EDF4}.Release-expl|x64.ActiveCfg = Release|x64
		{664E6F0D-6784-4760-9565-D54F8EB1EDF4}.Release-expl|x64.Build.0 = Release|x64
		{664E6F0D-6784-4760-9565-D54F8EB1EDF4}.Release-expl|x86.ActiveCfg = Release|Win32
		{664E6F0D-6784-4760-9565-D54F8EB1EDF4}.Release-expl|x86.Build.0 = Release|Win32
		{664E6F0D-6784-4760-9565-D54F8EB1EDF4}.RelWithDebInfo|x64.ActiveCfg = Release|x64
		{664E6F0D-6784-4760-9565-D54F8EB1EDF4}.RelWithDebInfo|x64.Build.0 = Release|x64
		{664E6F0D-6784-4760-9565-D54F8EB1EDF4}.RelWithDebInfo|x86.ActiveCfg = Release|Win32
		{664E6F0D-6784-4760-9565-D54F8EB1EDF4}.RelWithDebInfo|x86.Build.0 = Release|Win32
		{8FB23769-990F-3014-9D36-CD40B93CF151}.Debug|x64.ActiveCfg = Debug|x64
		{8FB23769-990F-3014-9D36-CD40B93CF151}.Debug|x64.Build.0 = Debug|x64
		{8FB23769-990F-3014-9D36-CD40B93CF151}.Debug|x86.ActiveCfg = Debug|x64
		{8FB23769-990F-3014-9D36-CD40B93CF151}.Debug|x86.Build.0 = Debug|x64
		{8FB23769-990F-3014-9D36-CD40B93CF151}.MinSizeRel|x64.ActiveCfg = MinSizeRel|x64
		{8FB23769-990F-3014-9D36-CD40B93CF151}.MinSizeRel|x64.Build.0 = MinSizeRel|x64
		{8FB23769-990F-3014-9D36-CD40B93CF151}.MinSizeRel|x86.ActiveCfg = MinSizeRel|x64
		{8FB23769-990F-3014-9D36-CD40B93CF151}.MinSizeRel|x86.Build.0 = MinSizeRel|x64
		{8FB23769-990F-3014-9D36-CD40B93CF151}.Release|x64.ActiveCfg = Release|x64
		{8FB23769-990F-3014-9D36-CD40B93CF151}.Release|x64.Build.0 = Release|x64
		{8FB23769-990F-3014-9D36-CD40B93CF151}.Release|x86.ActiveCfg = Release|x64
		{8FB23769-990F-3014-9D36-CD40B93CF151}.Release|x86.Build.0 = Release|x64
		{8FB23769-990F-3014-9D36-CD40B93CF151}.Release-expl|x64.ActiveCfg = Release|x64
		{8FB23769-990F-3014-9D36-CD40B93CF151}.Release-expl|x64.Build.0 = Release|x64
		{8FB23769-990F-3014-9D36-CD40B93CF151}.Release-expl|x86.ActiveCfg = RelWithDebInfo|x64
		{8FB23769-990F-3014-9D36-CD40B93CF151}.Release-expl|x86.Build.0 = RelWithDebInfo|x64
		{8FB23769-990F-3014-9D36-CD40B93CF151}.RelWithDebInfo|x64.ActiveCfg = RelWithDebInfo|x64
		{8FB23769-990F-3014-9D36-CD40B93CF151}.RelWithDebInfo|x64.Build.0 = RelWithDebInfo|x64
		{8FB23769-990F-3014-9D36-CD40B93CF151}.RelWithDebInfo|x86.ActiveCfg = RelWithDebInfo|x64
		{8FB23769-990F-3014-9D36-CD40B93CF151}.RelWithDebInfo|x86.Build.0 = RelWithDebInfo|x64
		{6E225D12-1C66-4A38-BEE5-71C4DBEC0521}.Debug|x64.ActiveCfg = Debug|x64
		{6E225D12-1C66-4A38-BEE5-71C4DBEC0521}.Debug|x64.Build.0 = Debug|x64
		{6E225D12-1C66-4A38-BEE5-71C4DBEC0521}.Debug|x86.ActiveCfg = Debug|Win32
		{6E225D12-1C66-4A38-BEE5-71C4DBEC0521}.Debug|x86.Build.0 = Debug|Win32
		{6E225D12-1C66-4A38-BEE5-71C4DBEC0521}.MinSizeRel|x64.ActiveCfg = Debug|x64
		{6E225D12-1C66-4A38-BEE5-71C4DBEC0521}.MinSizeRel|x64.Build.0 = Debug|x64
		{6E225D12-1C66-4A38-BEE5-71C4DBEC0521}.MinSizeRel|x86.ActiveCfg = Debug|Win32
		{6E225D12-1C66-4A38-BEE5-71C4DBEC0521}.MinSizeRel|x86.Build.0 = Debug|Win32
		{6E225D12-1C66-4A38-BEE5-71C4DBEC0521}.Release|x64.ActiveCfg = Release|x64
		{6E225D12-1C66-4A38-BEE5-71C4DBEC0521}.Release|x64.Build.0 = Release|x64
		{6E225D12-1C66-4A38-BEE5-71C4DBEC0521}.Release|x86.ActiveCfg = Release|Win32
		{6E225D12-1C66-4A38-BEE5-71C4DBEC0521}.Release|x86.Build.0 = Release|Win32
		{6E225D12-1C66-4A38-BEE5-71C4DBEC0521}.Release-expl|x64.ActiveCfg = Release|x64
		{6E225D12-1C66-4A38-BEE5-71C4DBEC0521}.Release-expl|x64.Build.0 = Release|x64
		{6E225D12-1C66-4A38-BEE5-71C4DBEC0521}.Release-expl|x86.ActiveCfg = Release|Win32
		{6E225D12-1C66-4A38-BEE5-71C4DBEC0521}.Release-expl|x86.Build.0 = Release|Win32
		{6E225D12-1C66-4A38-BEE5-71C4DBEC0521}.RelWithDebInfo|x64.ActiveCfg = Release|x64
		{6E225D12-1C66-4A38-BEE5-71C4DBEC0521}.RelWithDebInfo|x64.Build.0 = Release|x64
		{6E225D12-1C66-4A38-BEE5-71C4DBEC0521}.RelWithDebInfo|x86.ActiveCfg = Release|Win32
		{6E225D12-1C66-4A38-BEE5-71C4DBEC0521}.RelWithDebInfo|x86.Build.0 = Release|Win32
		{57A857C1-606D-4E65-8C36-982E841C63B0}.Debug|x64.ActiveCfg = Debug|x64
		{57A857C1-606D-4E65-8C36-982E841C63B0}.Debug|x64.Build.0 = Debug|x64
		{57A857C1-606D-4E65-8C36-982E841C63B0}.Debug|x86.ActiveCfg = Debug|Win32
		{57A857C1-606D-4E65-8C36-982E841C63B0}.Debug|x86.Build.0 = Debug|Win32
		{57A857C1-606D-4E65-8C36-982E841C63B0}.MinSizeRel|x64.ActiveCfg = Release-expl|x64
		{57A857C1-606D-4E65-8C36-982E841C63B0}.MinSizeRel|x64.Build.0 = Release-expl|x64
		{57A857C1-606D-4E65-8C36-982E841C63B0}.MinSizeRel|x86.ActiveCfg = Debug|Win32
		{57A857C1-606D-4E65-8C36-982E841C63B0}.MinSizeRel|x86.Build.0 = Debug|Win32
		{57A857C1-606D-4E65-8C36-982E841C63B0}.Release|x64.ActiveCfg = Release|x64
		{57A857C1-606D-4E65-8C36-982E841C63B0}.Release|x64.Build.0 = Release|x64
		{57A857C1-606D-4E65-8C36-982E841C63B0}.Release|x86.ActiveCfg = Release|Win32
		{57A857C1-606D-4E65-8C36-982E841C63B0}.Release|x86.Build.0 = Release|Win32
		{57A857C1-606D-4E65-8C36-982E841C63B0}.Release-expl|x64.ActiveCfg = Release-expl|x64
		{57A857C1-606D-4E65-8C36-982E841C63B0}.Release-expl|x64.Build.0 = Release-expl|x64
		{57A857C1-606D-4E65-8C36-982E841C63B0}.Release-expl|x86.ActiveCfg = Release-expl|Win32
		{57A857C1-606D-4E65-8C36-982E841C63B0}.Release-expl|x86.Build.0 = Release-expl|Win32
		{57A857C1-606D-4E65-8C36-982E841C63B0}.RelWithDebInfo|x64.ActiveCfg = Release-expl|x64
		{57A857C1-606D-4E65-8C36-982E841C63B0}.RelWithDebInfo|x64.Build.0 = Release-expl|x64
		{57A857C1-606D-4E65-8C36-982E841C63B0}.RelWithDebInfo|x86.ActiveCfg = Release-expl|Win32
		{57A857C1-606D-4E65-8C36-982E841C63B0}.RelWithDebInfo|x86.Build.0 = Release-expl|Win32
		{FEE95CB2-CBDB-4114-8C94-80941A8DB61B}.Debug|x64.ActiveCfg = Debug|x64
		{FEE95CB2-CBDB-4114-8C94-80941A8DB61B}.Debug|x64.Build.0 = Debug|x64
		{FEE95CB2-CBDB-4114-8C94-80941A8DB61B}.Debug|x86.ActiveCfg = Debug|Win32
		{FEE95CB2-CBDB-4114-8C94-80941A8DB61B}.Debug|x86.Build.0 = Debug|Win32
		{FEE95CB2-CBDB-4114-8C94-80941A8DB61B}.MinSizeRel|x64.ActiveCfg = Release-expl|x64
		{FEE95CB2-CBDB-4114-8C94-80941A8DB61B}.MinSizeRel|x64.Build.0 = Release-expl|x64
		{FEE95CB2-CBDB-4114-8C94-80941A8DB61B}.MinSizeRel|x86.ActiveCfg = Debug|Win32
		{FEE95CB2-CBDB-4114-8C94-80941A8DB61B}.MinSizeRel|x86.Build.0 = Debug|Win32
		{FEE95CB2-CBDB-4114-8C94-80941A8DB61B}.Release|x64.ActiveCfg = Release|x64
		{FEE95CB2-CBDB-4114-8C94-80941A8DB61B}.Release|x64.Build.0 = Release|x64
		{FEE95CB2-CBDB-4114-8C94-80941A8DB61B}.Release|x86.ActiveCfg = Release|Win32
		{FEE95CB2-CBDB-4114-8C94-80941A8DB61B}.Release|x86.Build.0 = Release|Win32
		{FEE95CB2-CBDB-4114-8C94-80941A8DB61B}.Release-expl|x64.ActiveCfg = Release-expl|x64
		{FEE95CB2-CBDB-4114-8C94-80941A8DB61B}.Release-expl|x64.Build.0 = Release-expl|x64
		{FEE95CB2-CBDB-4114-8C94-80941A8DB61B}.Release-expl|x86.ActiveCfg = Release-expl|Win32
		{FEE95CB2-CBDB-4114-8C94-80941A8DB61B}.Release-expl|x86.Build.0 = Release-expl|Win32
		{FEE95CB2-CBDB-4114-8C94-80941A8DB61B}.RelWithDebInfo|x64.ActiveCfg = Release-expl|x64
		{FEE95CB2-CBDB-4114-8C94-80941A8DB61B}.RelWithDebInfo|x64.Build.0 = Release-expl|x64
		{FEE95CB2-CBDB-4114-8C94-80941A8DB61B}.RelWithDebInfo|x86.ActiveCfg = Release-expl|Win32
		{FEE95CB2-CBDB-4114-8C94-80941A8DB61B}.RelWithDebInfo|x86.Build.0 = Release-expl|Win32
		{49C64BF1-3D0B-49D7-8125-A6C9A70A91AE}.Debug|x64.ActiveCfg = Debug|x64
		{49C64BF1-3D0B-49D7-8125-A6C9A70A91AE}.Debug|x64.Build.0 = Debug|x64
		{49C64BF1-3D0B-49D7-8125-A6C9A70A91AE}.Debug|x86.ActiveCfg = Debug|Win32
		{49C64BF1-3D0B-49D7-8125-A6C9A70A91AE}.Debug|x86.Build.0 = Debug|Win32
		{49C64BF1-3D0B-49D7-8125-A6C9A70A91AE}.MinSizeRel|x64.ActiveCfg = Release-expl|x64
		{49C64BF1-3D0B-49D7-8125-A6C9A70A91AE}.MinSizeRel|x64.Build.0 = Release-expl|x64
		{49C64BF1-3D0B-49D7-8125-A6C9A70A91AE}.MinSizeRel|x86.ActiveCfg = Debug|Win32
		{49C64BF1-3D0B-49D7-8125-A6C9A70A91AE}.MinSizeRel|x86.Build.0 = Debug|Win32
		{49C64BF1-3D0B-49D7-8125-A6C9A70A91AE}.Release|x64.ActiveCfg = Release|x64
		{49C64BF1-3D0B-49D7-8125-A6C9A70A91AE}.Release|x64.Build.0 = Release|x64
		{49C64BF1-3D0B-49D7-8125-A6C9A70A91AE}.Release|x86.ActiveCfg = Release|Win32
		{49C64BF1-3D0B-49D7-8125-A6C9A70A91AE}.Release|x86.Build.0 = Release|Win32
		{49C64BF1-3D0B-49D7-8125-A6C9A70A91AE}.Release-expl|x64.ActiveCfg = Release-expl|x64
		{49C64BF1-3D0B-49D7-8125-A6C9A70A91AE}.Release-expl|x64.Build.0 = Release-expl|x64
		{49C64BF1-3D0B-49D7-8125-A6C9A70A91AE}.Release-expl|x86.ActiveCfg = Release-expl|Win32
		{49C64BF1-3D0B-49D7-8125-A6C9A70A91AE}.Release-expl|x86.Build.0 = Release-expl|Win32
		{49C64BF1-3D0B-49D7-8125-A6C9A70A91AE}.RelWithDebInfo|x64.ActiveCfg = Release-expl|x64
		{49C64BF1-3D0B-49D7-8125-A6C9A70A91AE}.RelWithDebInfo|x64.Build.0 = Release-expl|x64
		{49C64BF1-3D0B-49D7-8125-A6C9A70A91AE}.RelWithDebInfo|x86.ActiveCfg = Release-expl|Win32
		{49C64BF1-3D0B-49D7-8125-A6C9A70A91AE}.RelWithDebInfo|x86.Build.0 = Release-expl|Win32
		{F9B4E8CD-780D-4D4E-A7A9-28006348499B}.Debug|x64.ActiveCfg = Debug|x64
		{F9B4E8CD-780D-4D4E-A7A9-28006348499B}.Debug|x64.Build.0 = Debug|x64
		{F9B4E8CD-780D-4D4E-A7A9-28006348499B}.Debug|x86.ActiveCfg = Debug|Win32
		{F9B4E8CD-780D-4D4E-A7A9-28006348499B}.Debug|x86.Build.0 = Debug|Win32
		{F9B4E8CD-780D-4D4E-A7A9-28006348499B}.MinSizeRel|x64.ActiveCfg = Release-expl|x64
		{F9B4E8CD-780D-4D4E-A7A9-28006348499B}.MinSizeRel|x64.Build.0 = Release-expl|x64
		{F9B4E8CD-780D-4D4E-A7A9-28006348499B}.MinSizeRel|x86.ActiveCfg = Debug|Win32
		{F9B4E8CD-780D-4D4E-A7A9-28006348499B}.MinSizeRel|x86.Build.0 = Debug|Win32
		{F9B4E8CD-780D-4D4E-A7A9-28006348499B}.Release|x64.ActiveCfg = Release|x64
		{F9B4E8CD-780D-4D4E-A7A9-28006348499B}.Release|x64.Build.0 = Release|x64
		{F9B4E8CD-780D-4D4E-A7A9-28006348499B}.Release|x86.ActiveCfg = Release|Win32
		{F9B4E8CD-780D-4D4E-A7A9-28006348499B}.Release|x86.Build.0 = Release|Win32
		{F9B4E8CD-780D-4D4E-A7A9-28006348499B}.Release-expl|x64.ActiveCfg = Release-expl|x64
		{F9B4E8CD-780D-4D4E-A7A9-28006348499B}.Release-expl|x64.Build.0 = Release-expl|x64
		{F9B4E8CD-780D-4D4E-A7A9-28006348499B}.Release-expl|x86.ActiveCfg = Release-expl|Win32
		{F9B4E8CD-780D-4D4E-A7A9-28006348499B}.Release-expl|x86.Build.0 = Release-expl|Win32
		{F9B4E8CD-780D-4D4E-A7A9-28006348499B}.RelWithDebInfo|x64.ActiveCfg = Release-expl|x64
		{F9B4E8CD-780D-4D4E-A7A9-28006348499B}.RelWithDebInfo|x64.Build.0 = Release-expl|x64
		{F9B4E8CD-780D-4D4E-A7A9-28006348499B}.RelWithDebInfo|x86.ActiveCfg = Release-expl|Win32
		{F9B4E8CD-780D-4D4E-A7A9-28006348499B}.RelWithDebInfo|x86.Build.0 = Release-expl|Win32
		{E020A26D-C589-4FB2-A1FC-C46B15B36AD6}.Debug|x64.ActiveCfg = Debug|x64
		{E020A26D-C589-4FB2-A1FC-C46B15B36AD6}.Debug|x64.Build.0 = Debug|x64
		{E020A26D-C589-4FB2-A1FC-C46B15B36AD6}.Debug|x86.ActiveCfg = Debug|Win32
		{E020A26D-C589-4FB2-A1FC-C46B15B36AD6}.Debug|x86.Build.0 = Debug|Win32
		{E020A26D-C589-4FB2-A1FC-C46B15B36AD6}.MinSizeRel|x64.ActiveCfg = Release-expl|x64
		{E020A26D-C589-4FB2-A1FC-C46B15B36AD6}.MinSizeRel|x64.Build.0 = Release-expl|x64
		{E020A26D-C589-4FB2-A1FC-C46B15B36AD6}.MinSizeRel|x86.ActiveCfg = Debug|Win32
		{E020A26D-C589-4FB2-A1FC-C46B15B36AD6}.MinSizeRel|x86.Build.0 = Debug|Win32
		{E020A26D-C589-4FB2-A1FC-C46B15B36AD6}.Release|x64.ActiveCfg = Release|x64
		{E020A26D-C589-4FB2-A1FC-C46B15B36AD6}.Release|x64.Build.0 = Release|x64
		{E020A26D-C589-4FB2-A1FC-C46B15B36AD6}.Release|x86.ActiveCfg = Release|Win32
		{E020A26D-C589-4FB2-A1FC-C46B15B36AD6}.Release|x86.Build.0 = Release|Win32
		{E020A26D-C589-4FB2-A1FC-C46B15B36AD6}.Release-expl|x64.ActiveCfg = Release-expl|x64
		{E020A26D-C589-4FB2-A1FC-C46B15B36AD6}.Release-expl|x64.Build.0 = Release-expl|x64
		{E020A26D-C589-4FB2-A1FC-C46B15B36AD6}.Release-expl|x86.ActiveCfg = Release-expl|Win32
		{E020A26D-C589-4FB2-A1FC-C46B15B36AD6}.Release-expl|x86.Build.0 = Release-expl|Win32
		{E020A26D-C589-4FB2-A1FC-C46B15B36AD6}.RelWithDebInfo|x64.ActiveCfg = Release-expl|x64
		{E020A26D-C589-4FB2-A1FC-C46B15B36AD6}.RelWithDebInfo|x64.Build.0 = Release-expl|x64
		{E020A26D-C589-4FB2-A1FC-C46B15B36AD6}.RelWithDebInfo|x86.ActiveCfg = Release-expl|Win32
		{E020A26D-C589-4FB2-A1FC-C46B15B36AD6}.RelWithDebInfo|x86.Build.0 = Release-expl|Win32
		{46D23F9C-5305-45F2-B6A9-EEEA1D136F37}.Debug|x64.ActiveCfg = Debug|x64
		{46D23F9C-5305-45F2-B6A9-EEEA1D136F37}.Debug|x64.Build.0 = Debug|x64
		{46D23F9C-5305-45F2-B6A9-EEEA1D136F37}.Debug|x86.ActiveCfg = Debug|Win32
		{46D23F9C-5305-45F2-B6A9-EEEA1D136F37}.Debug|x86.Build.0 = Debug|Win32
		{46D23F9C-5305-45F2-B6A9-EEEA1D136F37}.MinSizeRel|x64.ActiveCfg = Release-expl|x64
		{46D23F9C-5305-45F2-B6A9-EEEA1D136F37}.MinSizeRel|x64.Build.0 = Release-expl|x64
		{46D23F9C-5305-45F2-B6A9-EEEA1D136F37}.MinSizeRel|x86.ActiveCfg = Debug|Win32
		{46D23F9C-5305-45F2-B6A9-EEEA1D136F37}.MinSizeRel|x86.Build.0 = Debug|Win32
		{46D23F9C-5305-45F2-B6A9-EEEA1D136F37}.Release|x64.ActiveCfg = Release|x64
		{46D23F9C-5305-45F2-B6A9-EEEA1D136F37}.Release|x64.Build.0 = Release|x64
		{46D23F9C-5305-45F2-B6A9-EEEA1D136F37}.Release|x86.ActiveCfg = Release|Win32
		{46D23F9C-5305-45F2-B6A9-EEEA1D136F37}.Release|x86.Build.0 = Release|Win32
		{46D23F9C-5305-45F2-B6A9-EEEA1D136F37}.Release-expl|x64.ActiveCfg = Release-expl|x64
		{46D23F9C-5305-45F2-B6A9-EEEA1D136F37}.Release-expl|x64.Build.0 = Release-expl|x64
		{46D23F9C-5305-45F2-B6A9-EEEA1D136F37}.Release-expl|x86.ActiveCfg = Release-expl|Win32
		{46D23F9C-5305-45F2-B6A9-EEEA1D136F37}.Release-expl|x86.Build.0 = Release-expl|Win32
		{46D23F9C-5305-45F2-B6A9-EEEA1D136F37}.RelWithDebInfo|x64.ActiveCfg = Release-expl|x64
		{46D23F9C-5305-45F2-B6A9-EEEA1D136F37}.RelWithDebInfo|x64.Build.0 = Release-expl|x64
		{46D23F9C-5305-45F2-B6A9-EEEA1D136F37}.RelWithDebInfo|x86.ActiveCfg = Release-expl|Win32
		{46D23F9C-5305-45F2-B6A9-EEEA1D136F37}.RelWithDebInfo|x86.Build.0 = Release-expl|Win32
		{D9C69523-CAF0-40A1-BFE4-C3F9A01E2792}.Debug|x64.ActiveCfg = Debug|x64
		{D9C69523-CAF0-40A1-BFE4-C3F9A01E2792}.Debug|x64.Build.0 = Debug|x64
		{D9C69523-CAF0-40A1-BFE4-C3F9A01E2792}.Debug|x86.ActiveCfg = Debug|Win32
		{D9C69523-CAF0-40A1-BFE4-C3F9A01E2792}.Debug|x86.Build.0 = Debug|Win32
		{D9C69523-CAF0-40A1-BFE4-C3F9A01E2792}.MinSizeRel|x64.ActiveCfg = Release-expl|x64
		{D9C69523-CAF0-40A1-BFE4-C3F9A01E2792}.MinSizeRel|x64.Build.0 = Release-expl|x64
		{D9C69523-CAF0-40A1-BFE4-C3F9A01E2792}.MinSizeRel|x86.ActiveCfg = Debug|Win32
		{D9C69523-CAF0-40A1-BFE4-C3F9A01E2792}.MinSizeRel|x86.Build.0 = Debug|Win32
		{D9C69523-CAF0-40A1-BFE4-C3F9A01E2792}.Release|x64.ActiveCfg = Release|x64
		{D9C69523-CAF0-40A1-BFE4-C3F9A01E2792}.Release|x64.Build.0 = Release|x64
		{D9C69523-CAF0-40A1-BFE4-C3F9A01E2792}.Release|x86.ActiveCfg = Release|Win32
		{D9C69523-CAF0-40A1-BFE4-C3F9A01E2792}.Release|x86.Build.0 = Release|Win32
		{D9C69523-CAF0-40A1-BFE4-C3F9A01E2792}.Release-expl|x64.ActiveCfg = Release-expl|x64
		{D9C69523-CAF0-40A1-BFE4-C3F9A01E2792}.Release-expl|x64.Build.0 = Release-expl|x64
		{D9C69523-CAF0-40A1-BFE4-C3F9A01E2792}.Release-expl|x86.ActiveCfg = Release-expl|Win32
		{D9C69523-CAF0-40A1-BFE4-C3F9A01E2792}.Release-expl|x86.Build.0 = Release-expl|Win32
		{D9C69523-CAF0-40A1-BFE4-C3F9A01E2792}.RelWithDebInfo|x64.ActiveCfg = Release-expl|x64
		{D9C69523-CAF0-40A1-BFE4-C3F9A01E2792}.RelWithDebInfo|x64.Build.0 = Release-expl|x64
		{D9C69523-CAF0-40A1-BFE4-C3F9A01E2792}.RelWithDebInfo|x86.ActiveCfg = Release-expl|Win32
		{D9C69523-CAF0-40A1-BFE4-C3F9A01E2792}.RelWithDebInfo|x86.Build.0 = Release-expl|Win32
	EndGlobalSection
	GlobalSection(SolutionProperties) = preSolution
		HideSolutionNode = FALSE
	EndGlobalSection
	GlobalSection(NestedProjects) = preSolution
		{ABD28709-8062-4D4B-AB43-459FAEC87FB3} = {D22DA1F0-63D8-4A4A-8DCD-91D4FA6F674B}
		{98D6AE72-22F4-4498-ACE5-21AD0B4ABF0A} = {ABD28709-8062-4D4B-AB43-459FAEC87FB3}
		{EFA6EA97-5ACC-442C-872B-A056E06240E3} = {D22DA1F0-63D8-4A4A-8DCD-91D4FA6F674B}
		{D14916BA-08F4-4F41-9E23-DAC4C1EC739B} = {D22DA1F0-63D8-4A4A-8DCD-91D4FA6F674B}
		{1500663A-E20C-4AB8-B3AA-78A2CAE43D86} = {D14916BA-08F4-4F41-9E23-DAC4C1EC739B}
		{FFDD1C2C-9699-44B5-825C-E56EB6274546} = {EFA6EA97-5ACC-442C-872B-A056E06240E3}
		{3DEC959D-9484-4BB6-819C-2A8074EA3600} = {391ADC1A-F473-490C-BCBB-C67DDF8EEBCB}
		{391ADC1A-F473-490C-BCBB-C67DDF8EEBCB} = {D22DA1F0-63D8-4A4A-8DCD-91D4FA6F674B}
		{A9E03E49-E66A-4AF7-9663-D179112FAFF7} = {D22DA1F0-63D8-4A4A-8DCD-91D4FA6F674B}
		{41B56804-67D8-49B9-BD81-FF0C73EC5FBB} = {D22DA1F0-63D8-4A4A-8DCD-91D4FA6F674B}
		{7EA2E75D-25EC-482F-B57D-BA08E085E1CF} = {41B56804-67D8-49B9-BD81-FF0C73EC5FBB}
		{0CA3A8A9-D599-4C36-845F-65591A7BE69F} = {A9E03E49-E66A-4AF7-9663-D179112FAFF7}
		{664E6F0D-6784-4760-9565-D54F8EB1EDF4} = {4AC9A361-3341-49A5-88AB-2AAC8C4F2E83}
		{8FB23769-990F-3014-9D36-CD40B93CF151} = {4AC9A361-3341-49A5-88AB-2AAC8C4F2E83}
		{6E225D12-1C66-4A38-BEE5-71C4DBEC0521} = {4AC9A361-3341-49A5-88AB-2AAC8C4F2E83}
		{57A857C1-606D-4E65-8C36-982E841C63B0} = {ABD28709-8062-4D4B-AB43-459FAEC87FB3}
		{FEE95CB2-CBDB-4114-8C94-80941A8DB61B} = {ABD28709-8062-4D4B-AB43-459FAEC87FB3}
		{49C64BF1-3D0B-49D7-8125-A6C9A70A91AE} = {D14916BA-08F4-4F41-9E23-DAC4C1EC739B}
		{F9B4E8CD-780D-4D4E-A7A9-28006348499B} = {EFA6EA97-5ACC-442C-872B-A056E06240E3}
		{E020A26D-C589-4FB2-A1FC-C46B15B36AD6} = {A9E03E49-E66A-4AF7-9663-D179112FAFF7}
		{46D23F9C-5305-45F2-B6A9-EEEA1D136F37} = {41B56804-67D8-49B9-BD81-FF0C73EC5FBB}
		{D9C69523-CAF0-40A1-BFE4-C3F9A01E2792} = {391ADC1A-F473-490C-BCBB-C67DDF8EEBCB}
	EndGlobalSection
	GlobalSection(ExtensibilityGlobals) = postSolution
		SolutionGuid = {CF94800E-EB85-4869-AC9A-B20E17D64027}
	EndGlobalSection
EndGlobal
