<?xml version="1.0" encoding="utf-8"?>
<Project ToolsVersion="4.0" xmlns="http://schemas.microsoft.com/developer/msbuild/2003">
  <ItemGroup>
    <Filter Include="include">
      <UniqueIdentifier>{82402723-4df8-4091-90f3-071a0a132874}</UniqueIdentifier>
    </Filter>
    <Filter Include="source">
      <UniqueIdentifier>{2c2c05ff-ad26-4bcb-9258-8e58169b409e}</UniqueIdentifier>
    </Filter>
  </ItemGroup>
  <ItemGroup>
    <ClInclude Include="..\inc\containers.h">
      <Filter>include</Filter>
    </ClInclude>
    <ClInclude Include="..\inc\array.h">
      <Filter>include</Filter>
    </ClInclude>
    <ClInclude Include="..\inc\map.h">
      <Filter>include</Filter>
    </ClInclude>
    <ClInclude Include="..\inc\map_policies.h">
      <Filter>include</Filter>
    </ClInclude>
    <ClInclude Include="..\inc\avltree.h">
      <Filter>include</Filter>
    </ClInclude>
    <ClInclude Include="..\inc\avl_policies.h">
      <Filter>include</Filter>
    </ClInclude>
    <ClInclude Include="..\inc\stack.h">
      <Filter>include</Filter>
    </ClInclude>
    <ClInclude Include="..\inc\list.h">
      <Filter>include</Filter>
    </ClInclude>
    <ClInclude Include="..\inc\sort.h">
      <Filter>include</Filter>
    </ClInclude>
    <ClInclude Include="..\inc\list_policies.h">
      <Filter>include</Filter>
    </ClInclude>
    <ClInclude Include="..\inc\tuple.h">
      <Filter>include</Filter>
    </ClInclude>
  </ItemGroup>
  <ItemGroup>
    <ClCompile Include="..\src\containers.cpp">
      <Filter>source</Filter>
    </ClCompile>
  </ItemGroup>
</Project>