<?xml version="1.0" encoding="utf-8"?>
<Project ToolsVersion="4.0" xmlns="http://schemas.microsoft.com/developer/msbuild/2003">
  <ItemGroup>
    <Filter Include="inc">
      <UniqueIdentifier>{82402723-4df8-4091-90f3-071a0a132874}</UniqueIdentifier>
    </Filter>
    <Filter Include="src">
      <UniqueIdentifier>{2c2c05ff-ad26-4bcb-9258-8e58169b409e}</UniqueIdentifier>
    </Filter>
    <Filter Include="rsc">
      <UniqueIdentifier>{05b5d851-e4ee-4d3e-b1a8-4fa0dadea43d}</UniqueIdentifier>
    </Filter>
    <Filter Include="ext">
      <UniqueIdentifier>{1d2f71d9-fe87-4bb4-8735-2d464e79df4b}</UniqueIdentifier>
    </Filter>
  </ItemGroup>
  <ItemGroup>
    <ClInclude Include="..\inc\glw.h">
      <Filter>inc</Filter>
    </ClInclude>
    <ClInclude Include="..\inc\fbuffer.h">
      <Filter>inc</Filter>
    </ClInclude>
    <ClInclude Include="..\inc\gl.h">
      <Filter>inc</Filter>
    </ClInclude>
    <ClInclude Include="..\inc\glcommon.h">
      <Filter>inc</Filter>
    </ClInclude>
    <ClInclude Include="..\inc\glutils.h">
      <Filter>inc</Filter>
    </ClInclude>
    <ClInclude Include="..\inc\shader.h">
      <Filter>inc</Filter>
    </ClInclude>
    <ClInclude Include="..\inc\tablet.h">
      <Filter>inc</Filter>
    </ClInclude>
    <ClInclude Include="..\inc\window.h">
      <Filter>inc</Filter>
    </ClInclude>
    <ClInclude Include="..\inc\easytab.h">
      <Filter>ext</Filter>
    </ClInclude>
    <ClInclude Include="..\inc\objloader.h">
      <Filter>ext</Filter>
    </ClInclude>
    <ClInclude Include="..\inc\texture.h">
      <Filter>inc</Filter>
    </ClInclude>
  </ItemGroup>
  <ItemGroup>
    <ClCompile Include="..\src\glw.cpp">
      <Filter>src</Filter>
    </ClCompile>
    <ClCompile Include="..\src\fbuffer.cpp">
      <Filter>src</Filter>
    </ClCompile>
    <ClCompile Include="..\src\gl.cpp">
      <Filter>src</Filter>
    </ClCompile>
    <ClCompile Include="..\src\glutils.cpp">
      <Filter>src</Filter>
    </ClCompile>
    <ClCompile Include="..\src\shader.cpp">
      <Filter>src</Filter>
    </ClCompile>
    <ClCompile Include="..\src\tablet.cpp">
      <Filter>src</Filter>
    </ClCompile>
    <ClCompile Include="..\src\window.cpp">
      <Filter>src</Filter>
    </ClCompile>
    <ClCompile Include="..\src\texture.cpp">
      <Filter>src</Filter>
    </ClCompile>
  </ItemGroup>
</Project>